
Microsoft Visual Studio Solution File, Format Version 12.00
# Visual Studio Version 17
VisualStudioVersion = 17.3.32825.248
MinimumVisualStudioVersion = 10.0.40219.1
Project("{FAE04EC0-301F-11D3-BF4B-00C04F79EFBC}") = "CandyMachine1", "CandyMachine1\CandyMachine1.csproj", "{0B9D82A6-6262-4601-A8C0-6C74BFCE8913}"
EndProject
Global
	GlobalSection(SolutionConfigurationPlatforms) = preSolution
		Debug|Any CPU = Debug|Any CPU
		Release|Any CPU = Release|Any CPU
	EndGlobalSection
	GlobalSection(ProjectConfigurationPlatforms) = postSolution
		{0B9D82A6-6262-4601-A8C0-6C74BFCE8913}.Debug|Any CPU.ActiveCfg = Debug|Any CPU
		{0B9D82A6-6262-4601-A8C0-6C74BFCE8913}.Debug|Any CPU.Build.0 = Debug|Any CPU
		{0B9D82A6-6262-4601-A8C0-6C74BFCE8913}.Release|Any CPU.ActiveCfg = Release|Any CPU
		{0B9D82A6-6262-4601-A8C0-6C74BFCE8913}.Release|Any CPU.Build.0 = Release|Any CPU
	EndGlobalSection
	GlobalSection(SolutionProperties) = preSolution
		HideSolutionNode = FALSE
	EndGlobalSection
	GlobalSection(ExtensibilityGlobals) = postSolution
		SolutionGuid = {CF0C36FA-9684-4A7B-852B-D14AF89D8101}
	EndGlobalSection
EndGlobal
